
Microsoft Visual Studio Solution File, Format Version 12.00
# Visual Studio Version 17
VisualStudioVersion = 17.4.33403.182
MinimumVisualStudioVersion = 10.0.40219.1
Project("{FAE04EC0-301F-11D3-BF4B-00C04F79EFBC}") = "TEST.Android", "TEST\TEST.Android\TEST.Android.csproj", "{01C4C525-18FE-444A-A6D9-FAAFCC09374E}"
EndProject
Project("{FAE04EC0-301F-11D3-BF4B-00C04F79EFBC}") = "TEST", "TEST\TEST\TEST.csproj", "{5132E4D2-E51F-412E-96FE-D400890DF0D9}"
EndProject
Global
	GlobalSection(SolutionConfigurationPlatforms) = preSolution
		Debug|Any CPU = Debug|Any CPU
		Release|Any CPU = Release|Any CPU
	EndGlobalSection
	GlobalSection(ProjectConfigurationPlatforms) = postSolution
		{01C4C525-18FE-444A-A6D9-FAAFCC09374E}.Debug|Any CPU.ActiveCfg = Debug|Any CPU
		{01C4C525-18FE-444A-A6D9-FAAFCC09374E}.Debug|Any CPU.Build.0 = Debug|Any CPU
		{01C4C525-18FE-444A-A6D9-FAAFCC09374E}.Debug|Any CPU.Deploy.0 = Debug|Any CPU
		{01C4C525-18FE-444A-A6D9-FAAFCC09374E}.Release|Any CPU.ActiveCfg = Release|Any CPU
		{01C4C525-18FE-444A-A6D9-FAAFCC09374E}.Release|Any CPU.Build.0 = Release|Any CPU
		{01C4C525-18FE-444A-A6D9-FAAFCC09374E}.Release|Any CPU.Deploy.0 = Release|Any CPU
		{5132E4D2-E51F-412E-96FE-D400890DF0D9}.Debug|Any CPU.ActiveCfg = Debug|Any CPU
		{5132E4D2-E51F-412E-96FE-D400890DF0D9}.Debug|Any CPU.Build.0 = Debug|Any CPU
		{5132E4D2-E51F-412E-96FE-D400890DF0D9}.Debug|Any CPU.Deploy.0 = Debug|Any CPU
		{5132E4D2-E51F-412E-96FE-D400890DF0D9}.Release|Any CPU.ActiveCfg = Release|Any CPU
		{5132E4D2-E51F-412E-96FE-D400890DF0D9}.Release|Any CPU.Build.0 = Release|Any CPU
		{5132E4D2-E51F-412E-96FE-D400890DF0D9}.Release|Any CPU.Deploy.0 = Release|Any CPU
	EndGlobalSection
	GlobalSection(SolutionProperties) = preSolution
		HideSolutionNode = FALSE
	EndGlobalSection
	GlobalSection(ExtensibilityGlobals) = postSolution
		SolutionGuid = {7A7FF41D-E5BC-48E8-A738-9DAF80AE030C}
	EndGlobalSection
EndGlobal
